
Microsoft Visual Studio Solution File, Format Version 12.00
# Visual Studio Version 16
VisualStudioVersion = 16.0.32228.343
MinimumVisualStudioVersion = 10.0.40219.1
Project("{FAE04EC0-301F-11D3-BF4B-00C04F79EFBC}") = "Exchange_money", "Exchange_money\Exchange_money.csproj", "{FD13522B-F6FB-4561-B2CF-B7B5493CA36E}"
EndProject
Global
	GlobalSection(SolutionConfigurationPlatforms) = preSolution
		Debug|Any CPU = Debug|Any CPU
		Release|Any CPU = Release|Any CPU
	EndGlobalSection
	GlobalSection(ProjectConfigurationPlatforms) = postSolution
		{FD13522B-F6FB-4561-B2CF-B7B5493CA36E}.Debug|Any CPU.ActiveCfg = Debug|Any CPU
		{FD13522B-F6FB-4561-B2CF-B7B5493CA36E}.Debug|Any CPU.Build.0 = Debug|Any CPU
		{FD13522B-F6FB-4561-B2CF-B7B5493CA36E}.Release|Any CPU.ActiveCfg = Release|Any CPU
		{FD13522B-F6FB-4561-B2CF-B7B5493CA36E}.Release|Any CPU.Build.0 = Release|Any CPU
	EndGlobalSection
	GlobalSection(SolutionProperties) = preSolution
		HideSolutionNode = FALSE
	EndGlobalSection
	GlobalSection(ExtensibilityGlobals) = postSolution
		SolutionGuid = {527A6383-511D-45AD-99BB-C1BDC3AD058E}
	EndGlobalSection
EndGlobal
